// !$*UTF8*$!
{
	archiveVersion = 1;
	classes = {
	};
	objectVersion = 46;
	objects = {

/* Begin PBXBuildFile section */
		6BDBAEEF1C4628070024B7F3 /* AppDelegate.swift in Sources */ = {isa = PBXBuildFile; fileRef = 6BDBAEEE1C4628070024B7F3 /* AppDelegate.swift */; };
		6BDBAEF11C4628070024B7F3 /* ViewController.swift in Sources */ = {isa = PBXBuildFile; fileRef = 6BDBAEF01C4628070024B7F3 /* ViewController.swift */; };
		6BDBAEF31C4628070024B7F3 /* Assets.xcassets in Resources */ = {isa = PBXBuildFile; fileRef = 6BDBAEF21C4628070024B7F3 /* Assets.xcassets */; };
		6BDBAEF61C4628070024B7F3 /* Main.storyboard in Resources */ = {isa = PBXBuildFile; fileRef = 6BDBAEF41C4628070024B7F3 /* Main.storyboard */; };
		6BDBAEFE1C46284B0024B7F3 /* TestVideo.m4v in Resources */ = {isa = PBXBuildFile; fileRef = 6BDBAEFD1C46284B0024B7F3 /* TestVideo.m4v */; };
/* End PBXBuildFile section */

/* Begin PBXFileReference section */
		6BDBAEEB1C4628070024B7F3 /* KLAVKitPlayer.app */ = {isa = PBXFileReference; explicitFileType = wrapper.application; includeInIndex = 0; path = KLAVKitPlayer.app; sourceTree = BUILT_PRODUCTS_DIR; };
		6BDBAEEE1C4628070024B7F3 /* AppDelegate.swift */ = {isa = PBXFileReference; lastKnownFileType = sourcecode.swift; path = AppDelegate.swift; sourceTree = "<group>"; };
		6BDBAEF01C4628070024B7F3 /* ViewController.swift */ = {isa = PBXFileReference; lastKnownFileType = sourcecode.swift; path = ViewController.swift; sourceTree = "<group>"; };
		6BDBAEF21C4628070024B7F3 /* Assets.xcassets */ = {isa = PBXFileReference; lastKnownFileType = folder.assetcatalog; path = Assets.xcassets; sourceTree = "<group>"; };
		6BDBAEF51C4628070024B7F3 /* Base */ = {isa = PBXFileReference; lastKnownFileType = file.storyboard; name = Base; path = Base.lproj/Main.storyboard; sourceTree = "<group>"; };
		6BDBAEF71C4628070024B7F3 /* Info.plist */ = {isa = PBXFileReference; lastKnownFileType = text.plist.xml; path = Info.plist; sourceTree = "<group>"; };
		6BDBAEFD1C46284B0024B7F3 /* TestVideo.m4v */ = {isa = PBXFileReference; lastKnownFileType = file; path = TestVideo.m4v; sourceTree = "<group>"; };
/* End PBXFileReference section */

/* Begin PBXFrameworksBuildPhase section */
		6BDBAEE81C4628070024B7F3 /* Frameworks */ = {
			isa = PBXFrameworksBuildPhase;
			buildActionMask = 2147483647;
			files = (
			);
			runOnlyForDeploymentPostprocessing = 0;
		};
/* End PBXFrameworksBuildPhase section */

/* Begin PBXGroup section */
		6BDBAEE21C4628070024B7F3 = {
			isa = PBXGroup;
			children = (
				6BDBAEED1C4628070024B7F3 /* KLAVKitPlayer */,
				6BDBAEEC1C4628070024B7F3 /* Products */,
			);
			sourceTree = "<group>";
		};
		6BDBAEEC1C4628070024B7F3 /* Products */ = {
			isa = PBXGroup;
			children = (
				6BDBAEEB1C4628070024B7F3 /* KLAVKitPlayer.app */,
			);
			name = Products;
			sourceTree = "<group>";
		};
		6BDBAEED1C4628070024B7F3 /* KLAVKitPlayer */ = {
			isa = PBXGroup;
			children = (
				6BDBAEEE1C4628070024B7F3 /* AppDelegate.swift */,
				6BDBAEF01C4628070024B7F3 /* ViewController.swift */,
				6BDBAEF21C4628070024B7F3 /* Assets.xcassets */,
				6BDBAEF41C4628070024B7F3 /* Main.storyboard */,
				6BDBAEF71C4628070024B7F3 /* Info.plist */,
				6BDBAEFD1C46284B0024B7F3 /* TestVideo.m4v */,
			);
			path = KLAVKitPlayer;
			sourceTree = "<group>";
		};
/* End PBXGroup section */

/* Begin PBXNativeTarget section */
		6BDBAEEA1C4628070024B7F3 /* KLAVKitPlayer */ = {
			isa = PBXNativeTarget;
			buildConfigurationList = 6BDBAEFA1C4628070024B7F3 /* Build configuration list for PBXNativeTarget "KLAVKitPlayer" */;
			buildPhases = (
				6BDBAEE71C4628070024B7F3 /* Sources */,
				6BDBAEE81C4628070024B7F3 /* Frameworks */,
				6BDBAEE91C4628070024B7F3 /* Resources */,
			);
			buildRules = (
			);
			dependencies = (
			);
			name = KLAVKitPlayer;
			productName = KLAVKitPlayer;
			productReference = 6BDBAEEB1C4628070024B7F3 /* KLAVKitPlayer.app */;
			productType = "com.apple.product-type.application";
		};
/* End PBXNativeTarget section */

/* Begin PBXProject section */
		6BDBAEE31C4628070024B7F3 /* Project object */ = {
			isa = PBXProject;
			attributes = {
				LastSwiftUpdateCheck = 0720;
				LastUpgradeCheck = 0720;
				ORGANIZATIONNAME = kl;
				TargetAttributes = {
					6BDBAEEA1C4628070024B7F3 = {
						CreatedOnToolsVersion = 7.2;
					};
				};
			};
			buildConfigurationList = 6BDBAEE61C4628070024B7F3 /* Build configuration list for PBXProject "KLAVKitPlayer" */;
			compatibilityVersion = "Xcode 3.2";
			developmentRegion = English;
			hasScannedForEncodings = 0;
			knownRegions = (
				en,
				Base,
			);
			mainGroup = 6BDBAEE21C4628070024B7F3;
			productRefGroup = 6BDBAEEC1C4628070024B7F3 /* Products */;
			projectDirPath = "";
			projectRoot = "";
			targets = (
				6BDBAEEA1C4628070024B7F3 /* KLAVKitPlayer */,
			);
		};
/* End PBXProject section */

/* Begin PBXResourcesBuildPhase section */
		6BDBAEE91C4628070024B7F3 /* Resources */ = {
			isa = PBXResourcesBuildPhase;
			buildActionMask = 2147483647;
			files = (
				6BDBAEF31C4628070024B7F3 /* Assets.xcassets in Resources */,
				6BDBAEFE1C46284B0024B7F3 /* TestVideo.m4v in Resources */,
				6BDBAEF61C4628070024B7F3 /* Main.storyboard in Resources */,
			);
			runOnlyForDeploymentPostprocessing = 0;
		};
/* End PBXResourcesBuildPhase section */

/* Begin PBXSourcesBuildPhase section */
		6BDBAEE71C4628070024B7F3 /* Sources */ = {
			isa = PBXSourcesBuildPhase;
			buildActionMask = 2147483647;
			files = (
				6BDBAEF11C4628070024B7F3 /* ViewController.swift in Sources */,
				6BDBAEEF1C4628070024B7F3 /* AppDelegate.swift in Sources */,
			);
			runOnlyForDeploymentPostprocessing = 0;
		};
/* End PBXSourcesBuildPhase section */

/* Begin PBXVariantGroup section */
		6BDBAEF41C4628070024B7F3 /* Main.storyboard */ = {
			isa = PBXVariantGroup;
			children = (
				6BDBAEF51C4628070024B7F3 /* Base */,
			);
			name = Main.storyboard;
			sourceTree = "<group>";
		};
/* End PBXVariantGroup section */

/* Begin XCBuildConfiguration section */
		6BDBAEF81C4628070024B7F3 /* Debug */ = {
			isa = XCBuildConfiguration;
			buildSettings = {
				ALWAYS_SEARCH_USER_PATHS = NO;
				CLANG_CXX_LANGUAGE_STANDARD = "gnu++0x";
				CLANG_CXX_LIBRARY = "libc++";
				CLANG_ENABLE_MODULES = YES;
				CLANG_ENABLE_OBJC_ARC = YES;
				CLANG_WARN_BOOL_CONVERSION = YES;
				CLANG_WARN_CONSTANT_CONVERSION = YES;
				CLANG_WARN_DIRECT_OBJC_ISA_USAGE = YES_ERROR;
				CLANG_WARN_EMPTY_BODY = YES;
				CLANG_WARN_ENUM_CONVERSION = YES;
				CLANG_WARN_INT_CONVERSION = YES;
				CLANG_WARN_OBJC_ROOT_CLASS = YES_ERROR;
				CLANG_WARN_UNREACHABLE_CODE = YES;
				CLANG_WARN__DUPLICATE_METHOD_MATCH = YES;
				CODE_SIGN_IDENTITY = "-";
				COPY_PHASE_STRIP = NO;
				DEBUG_INFORMATION_FORMAT = dwarf;
				ENABLE_STRICT_OBJC_MSGSEND = YES;
				ENABLE_TESTABILITY = YES;
				GCC_C_LANGUAGE_STANDARD = gnu99;
				GCC_DYNAMIC_NO_PIC = NO;
				GCC_NO_COMMON_BLOCKS = YES;
				GCC_OPTIMIZATION_LEVEL = 0;
				GCC_PREPROCESSOR_DEFINITIONS = (
					"DEBUG=1",
					"$(inherited)",
				);
				GCC_WARN_64_TO_32_BIT_CONVERSION = YES;
				GCC_WARN_ABOUT_RETURN_TYPE = YES_ERROR;
				GCC_WARN_UNDECLARED_SELECTOR = YES;
				GCC_WARN_UNINITIALIZED_AUTOS = YES_AGGRESSIVE;
				GCC_WARN_UNUSED_FUNCTION = YES;
				GCC_WARN_UNUSED_VARIABLE = YES;
				MACOSX_DEPLOYMENT_TARGET = 10.11;
				MTL_ENABLE_DEBUG_INFO = YES;
				ONLY_ACTIVE_ARCH = YES;
				SDKROOT = macosx;
				SWIFT_OPTIMIZATION_LEVEL = "-Onone";
			};
			name = Debug;
		};
		6BDBAEF91C4628070024B7F3 /* Release */ = {
			isa = XCBuildConfiguration;
			buildSettings = {
				ALWAYS_SEARCH_USER_PATHS = NO;
				CLANG_CXX_LANGUAGE_STANDARD = "gnu++0x";
				CLANG_CXX_LIBRARY = "libc++";
				CLANG_ENABLE_MODULES = YES;
				CLANG_ENABLE_OBJC_ARC = YES;
				CLANG_WARN_BOOL_CONVERSION = YES;
				CLANG_WARN_CONSTANT_CONVERSION = YES;
				CLANG_WARN_DIRECT_OBJC_ISA_USAGE = YES_ERROR;
				CLANG_WARN_EMPTY_BODY = YES;
				CLANG_WARN_ENUM_CONVERSION = YES;
				CLANG_WARN_INT_CONVERSION = YES;
				CLANG_WARN_OBJC_ROOT_CLASS = YES_ERROR;
				CLANG_WARN_UNREACHABLE_CODE = YES;
				CLANG_WARN__DUPLICATE_METHOD_MATCH = YES;
				CODE_SIGN_IDENTITY = "-";
				COPY_PHASE_STRIP = NO;
				DEBUG_INFORMATION_FORMAT = "dwarf-with-dsym";
				ENABLE_NS_ASSERTIONS = NO;
				ENABLE_STRICT_OBJC_MSGSEND = YES;
				GCC_C_LANGUAGE_STANDARD = gnu99;
				GCC_NO_COMMON_BLOCKS = YES;
				GCC_WARN_64_TO_32_BIT_CONVERSION = YES;
				GCC_WARN_ABOUT_RETURN_TYPE = YES_ERROR;
				GCC_WARN_UNDECLARED_SELECTOR = YES;
				GCC_WARN_UNINITIALIZED_AUTOS = YES_AGGRESSIVE;
				GCC_WARN_UNUSED_FUNCTION = YES;
				GCC_WARN_UNUSED_VARIABLE = YES;
				MACOSX_DEPLOYMENT_TARGET = 10.11;
				MTL_ENABLE_DEBUG_INFO = NO;
				SDKROOT = macosx;
			};
			name = Release;
		};
		6BDBAEFB1C4628070024B7F3 /* Debug */ = {
			isa = XCBuildConfiguration;
			buildSettings = {
				ASSETCATALOG_COMPILER_APPICON_NAME = AppIcon;
				COMBINE_HIDPI_IMAGES = YES;
				INFOPLIST_FILE = KLAVKitPlayer/Info.plist;
				LD_RUNPATH_SEARCH_PATHS = "$(inherited) @executable_path/../Frameworks";
				PRODUCT_BUNDLE_IDENTIFIER = org.kl.KLAVKitPlayer;
				PRODUCT_NAME = "$(TARGET_NAME)";
			};
			name = Debug;
		};
		6BDBAEFC1C4628070024B7F3 /* Release */ = {
			isa = XCBuildConfiguration;
			buildSettings = {
				ASSETCATALOG_COMPILER_APPICON_NAME = AppIcon;
				COMBINE_HIDPI_IMAGES = YES;
				INFOPLIST_FILE = KLAVKitPlayer/Info.plist;
				LD_RUNPATH_SEARCH_PATHS = "$(inherited) @executable_path/../Frameworks";
				PRODUCT_BUNDLE_IDENTIFIER = org.kl.KLAVKitPlayer;
				PRODUCT_NAME = "$(TARGET_NAME)";
			};
			name = Release;
		};
/* End XCBuildConfiguration section */

/* Begin XCConfigurationList section */
		6BDBAEE61C4628070024B7F3 /* Build configuration list for PBXProject "KLAVKitPlayer" */ = {
			isa = XCConfigurationList;
			buildConfigurations = (
				6BDBAEF81C4628070024B7F3 /* Debug */,
				6BDBAEF91C4628070024B7F3 /* Release */,
			);
			defaultConfigurationIsVisible = 0;
			defaultConfigurationName = Release;
		};
		6BDBAEFA1C4628070024B7F3 /* Build configuration list for PBXNativeTarget "KLAVKitPlayer" */ = {
			isa = XCConfigurationList;
			buildConfigurations = (
				6BDBAEFB1C4628070024B7F3 /* Debug */,
				6BDBAEFC1C4628070024B7F3 /* Release */,
			);
			defaultConfigurationIsVisible = 0;
			defaultConfigurationName = Release;
		};
/* End XCConfigurationList section */
	};
	rootObject = 6BDBAEE31C4628070024B7F3 /* Project object */;
}
