// !$*UTF8*$!
{
	archiveVersion = 1;
	classes = {
	};
	objectVersion = 46;
	objects = {

/* Begin PBXBuildFile section */
		6B53DD3E1C4CBD8400FF6EF7 /* AppDelegate.swift in Sources */ = {isa = PBXBuildFile; fileRef = 6B53DD3D1C4CBD8400FF6EF7 /* AppDelegate.swift */; };
		6B53DD401C4CBD8400FF6EF7 /* Document.swift in Sources */ = {isa = PBXBuildFile; fileRef = 6B53DD3F1C4CBD8400FF6EF7 /* Document.swift */; };
		6B53DD431C4CBD8400FF6EF7 /* Document.xib in Resources */ = {isa = PBXBuildFile; fileRef = 6B53DD411C4CBD8400FF6EF7 /* Document.xib */; };
		6B53DD451C4CBD8400FF6EF7 /* Assets.xcassets in Resources */ = {isa = PBXBuildFile; fileRef = 6B53DD441C4CBD8400FF6EF7 /* Assets.xcassets */; };
		6B53DD481C4CBD8400FF6EF7 /* MainMenu.xib in Resources */ = {isa = PBXBuildFile; fileRef = 6B53DD461C4CBD8400FF6EF7 /* MainMenu.xib */; };
/* End PBXBuildFile section */

/* Begin PBXFileReference section */
		6B53DD3A1C4CBD8400FF6EF7 /* KLSimpleDocument.app */ = {isa = PBXFileReference; explicitFileType = wrapper.application; includeInIndex = 0; path = KLSimpleDocument.app; sourceTree = BUILT_PRODUCTS_DIR; };
		6B53DD3D1C4CBD8400FF6EF7 /* AppDelegate.swift */ = {isa = PBXFileReference; lastKnownFileType = sourcecode.swift; path = AppDelegate.swift; sourceTree = "<group>"; };
		6B53DD3F1C4CBD8400FF6EF7 /* Document.swift */ = {isa = PBXFileReference; lastKnownFileType = sourcecode.swift; path = Document.swift; sourceTree = "<group>"; };
		6B53DD421C4CBD8400FF6EF7 /* Base */ = {isa = PBXFileReference; lastKnownFileType = file.xib; name = Base; path = Base.lproj/Document.xib; sourceTree = "<group>"; };
		6B53DD441C4CBD8400FF6EF7 /* Assets.xcassets */ = {isa = PBXFileReference; lastKnownFileType = folder.assetcatalog; path = Assets.xcassets; sourceTree = "<group>"; };
		6B53DD471C4CBD8400FF6EF7 /* Base */ = {isa = PBXFileReference; lastKnownFileType = file.xib; name = Base; path = Base.lproj/MainMenu.xib; sourceTree = "<group>"; };
		6B53DD491C4CBD8400FF6EF7 /* Info.plist */ = {isa = PBXFileReference; lastKnownFileType = text.plist.xml; path = Info.plist; sourceTree = "<group>"; };
/* End PBXFileReference section */

/* Begin PBXFrameworksBuildPhase section */
		6B53DD371C4CBD8400FF6EF7 /* Frameworks */ = {
			isa = PBXFrameworksBuildPhase;
			buildActionMask = 2147483647;
			files = (
			);
			runOnlyForDeploymentPostprocessing = 0;
		};
/* End PBXFrameworksBuildPhase section */

/* Begin PBXGroup section */
		6B53DD311C4CBD8400FF6EF7 = {
			isa = PBXGroup;
			children = (
				6B53DD3C1C4CBD8400FF6EF7 /* KLSimpleDocument */,
				6B53DD3B1C4CBD8400FF6EF7 /* Products */,
			);
			sourceTree = "<group>";
		};
		6B53DD3B1C4CBD8400FF6EF7 /* Products */ = {
			isa = PBXGroup;
			children = (
				6B53DD3A1C4CBD8400FF6EF7 /* KLSimpleDocument.app */,
			);
			name = Products;
			sourceTree = "<group>";
		};
		6B53DD3C1C4CBD8400FF6EF7 /* KLSimpleDocument */ = {
			isa = PBXGroup;
			children = (
				6B53DD3D1C4CBD8400FF6EF7 /* AppDelegate.swift */,
				6B53DD3F1C4CBD8400FF6EF7 /* Document.swift */,
				6B53DD411C4CBD8400FF6EF7 /* Document.xib */,
				6B53DD441C4CBD8400FF6EF7 /* Assets.xcassets */,
				6B53DD461C4CBD8400FF6EF7 /* MainMenu.xib */,
				6B53DD491C4CBD8400FF6EF7 /* Info.plist */,
			);
			path = KLSimpleDocument;
			sourceTree = "<group>";
		};
/* End PBXGroup section */

/* Begin PBXNativeTarget section */
		6B53DD391C4CBD8400FF6EF7 /* KLSimpleDocument */ = {
			isa = PBXNativeTarget;
			buildConfigurationList = 6B53DD4C1C4CBD8400FF6EF7 /* Build configuration list for PBXNativeTarget "KLSimpleDocument" */;
			buildPhases = (
				6B53DD361C4CBD8400FF6EF7 /* Sources */,
				6B53DD371C4CBD8400FF6EF7 /* Frameworks */,
				6B53DD381C4CBD8400FF6EF7 /* Resources */,
			);
			buildRules = (
			);
			dependencies = (
			);
			name = KLSimpleDocument;
			productName = KLSimpleDocument;
			productReference = 6B53DD3A1C4CBD8400FF6EF7 /* KLSimpleDocument.app */;
			productType = "com.apple.product-type.application";
		};
/* End PBXNativeTarget section */

/* Begin PBXProject section */
		6B53DD321C4CBD8400FF6EF7 /* Project object */ = {
			isa = PBXProject;
			attributes = {
				LastSwiftUpdateCheck = 0720;
				LastUpgradeCheck = 0720;
				ORGANIZATIONNAME = LeonKang;
				TargetAttributes = {
					6B53DD391C4CBD8400FF6EF7 = {
						CreatedOnToolsVersion = 7.2;
					};
				};
			};
			buildConfigurationList = 6B53DD351C4CBD8400FF6EF7 /* Build configuration list for PBXProject "KLSimpleDocument" */;
			compatibilityVersion = "Xcode 3.2";
			developmentRegion = English;
			hasScannedForEncodings = 0;
			knownRegions = (
				en,
				Base,
			);
			mainGroup = 6B53DD311C4CBD8400FF6EF7;
			productRefGroup = 6B53DD3B1C4CBD8400FF6EF7 /* Products */;
			projectDirPath = "";
			projectRoot = "";
			targets = (
				6B53DD391C4CBD8400FF6EF7 /* KLSimpleDocument */,
			);
		};
/* End PBXProject section */

/* Begin PBXResourcesBuildPhase section */
		6B53DD381C4CBD8400FF6EF7 /* Resources */ = {
			isa = PBXResourcesBuildPhase;
			buildActionMask = 2147483647;
			files = (
				6B53DD451C4CBD8400FF6EF7 /* Assets.xcassets in Resources */,
				6B53DD431C4CBD8400FF6EF7 /* Document.xib in Resources */,
				6B53DD481C4CBD8400FF6EF7 /* MainMenu.xib in Resources */,
			);
			runOnlyForDeploymentPostprocessing = 0;
		};
/* End PBXResourcesBuildPhase section */

/* Begin PBXSourcesBuildPhase section */
		6B53DD361C4CBD8400FF6EF7 /* Sources */ = {
			isa = PBXSourcesBuildPhase;
			buildActionMask = 2147483647;
			files = (
				6B53DD401C4CBD8400FF6EF7 /* Document.swift in Sources */,
				6B53DD3E1C4CBD8400FF6EF7 /* AppDelegate.swift in Sources */,
			);
			runOnlyForDeploymentPostprocessing = 0;
		};
/* End PBXSourcesBuildPhase section */

/* Begin PBXVariantGroup section */
		6B53DD411C4CBD8400FF6EF7 /* Document.xib */ = {
			isa = PBXVariantGroup;
			children = (
				6B53DD421C4CBD8400FF6EF7 /* Base */,
			);
			name = Document.xib;
			sourceTree = "<group>";
		};
		6B53DD461C4CBD8400FF6EF7 /* MainMenu.xib */ = {
			isa = PBXVariantGroup;
			children = (
				6B53DD471C4CBD8400FF6EF7 /* Base */,
			);
			name = MainMenu.xib;
			sourceTree = "<group>";
		};
/* End PBXVariantGroup section */

/* Begin XCBuildConfiguration section */
		6B53DD4A1C4CBD8400FF6EF7 /* Debug */ = {
			isa = XCBuildConfiguration;
			buildSettings = {
				ALWAYS_SEARCH_USER_PATHS = NO;
				CLANG_CXX_LANGUAGE_STANDARD = "gnu++0x";
				CLANG_CXX_LIBRARY = "libc++";
				CLANG_ENABLE_MODULES = YES;
				CLANG_ENABLE_OBJC_ARC = YES;
				CLANG_WARN_BOOL_CONVERSION = YES;
				CLANG_WARN_CONSTANT_CONVERSION = YES;
				CLANG_WARN_DIRECT_OBJC_ISA_USAGE = YES_ERROR;
				CLANG_WARN_EMPTY_BODY = YES;
				CLANG_WARN_ENUM_CONVERSION = YES;
				CLANG_WARN_INT_CONVERSION = YES;
				CLANG_WARN_OBJC_ROOT_CLASS = YES_ERROR;
				CLANG_WARN_UNREACHABLE_CODE = YES;
				CLANG_WARN__DUPLICATE_METHOD_MATCH = YES;
				CODE_SIGN_IDENTITY = "-";
				COPY_PHASE_STRIP = NO;
				DEBUG_INFORMATION_FORMAT = dwarf;
				ENABLE_STRICT_OBJC_MSGSEND = YES;
				ENABLE_TESTABILITY = YES;
				GCC_C_LANGUAGE_STANDARD = gnu99;
				GCC_DYNAMIC_NO_PIC = NO;
				GCC_NO_COMMON_BLOCKS = YES;
				GCC_OPTIMIZATION_LEVEL = 0;
				GCC_PREPROCESSOR_DEFINITIONS = (
					"DEBUG=1",
					"$(inherited)",
				);
				GCC_WARN_64_TO_32_BIT_CONVERSION = YES;
				GCC_WARN_ABOUT_RETURN_TYPE = YES_ERROR;
				GCC_WARN_UNDECLARED_SELECTOR = YES;
				GCC_WARN_UNINITIALIZED_AUTOS = YES_AGGRESSIVE;
				GCC_WARN_UNUSED_FUNCTION = YES;
				GCC_WARN_UNUSED_VARIABLE = YES;
				MACOSX_DEPLOYMENT_TARGET = 10.11;
				MTL_ENABLE_DEBUG_INFO = YES;
				ONLY_ACTIVE_ARCH = YES;
				SDKROOT = macosx;
				SWIFT_OPTIMIZATION_LEVEL = "-Onone";
			};
			name = Debug;
		};
		6B53DD4B1C4CBD8400FF6EF7 /* Release */ = {
			isa = XCBuildConfiguration;
			buildSettings = {
				ALWAYS_SEARCH_USER_PATHS = NO;
				CLANG_CXX_LANGUAGE_STANDARD = "gnu++0x";
				CLANG_CXX_LIBRARY = "libc++";
				CLANG_ENABLE_MODULES = YES;
				CLANG_ENABLE_OBJC_ARC = YES;
				CLANG_WARN_BOOL_CONVERSION = YES;
				CLANG_WARN_CONSTANT_CONVERSION = YES;
				CLANG_WARN_DIRECT_OBJC_ISA_USAGE = YES_ERROR;
				CLANG_WARN_EMPTY_BODY = YES;
				CLANG_WARN_ENUM_CONVERSION = YES;
				CLANG_WARN_INT_CONVERSION = YES;
				CLANG_WARN_OBJC_ROOT_CLASS = YES_ERROR;
				CLANG_WARN_UNREACHABLE_CODE = YES;
				CLANG_WARN__DUPLICATE_METHOD_MATCH = YES;
				CODE_SIGN_IDENTITY = "-";
				COPY_PHASE_STRIP = NO;
				DEBUG_INFORMATION_FORMAT = "dwarf-with-dsym";
				ENABLE_NS_ASSERTIONS = NO;
				ENABLE_STRICT_OBJC_MSGSEND = YES;
				GCC_C_LANGUAGE_STANDARD = gnu99;
				GCC_NO_COMMON_BLOCKS = YES;
				GCC_WARN_64_TO_32_BIT_CONVERSION = YES;
				GCC_WARN_ABOUT_RETURN_TYPE = YES_ERROR;
				GCC_WARN_UNDECLARED_SELECTOR = YES;
				GCC_WARN_UNINITIALIZED_AUTOS = YES_AGGRESSIVE;
				GCC_WARN_UNUSED_FUNCTION = YES;
				GCC_WARN_UNUSED_VARIABLE = YES;
				MACOSX_DEPLOYMENT_TARGET = 10.11;
				MTL_ENABLE_DEBUG_INFO = NO;
				SDKROOT = macosx;
			};
			name = Release;
		};
		6B53DD4D1C4CBD8400FF6EF7 /* Debug */ = {
			isa = XCBuildConfiguration;
			buildSettings = {
				ASSETCATALOG_COMPILER_APPICON_NAME = AppIcon;
				COMBINE_HIDPI_IMAGES = YES;
				INFOPLIST_FILE = KLSimpleDocument/Info.plist;
				LD_RUNPATH_SEARCH_PATHS = "$(inherited) @executable_path/../Frameworks";
				PRODUCT_BUNDLE_IDENTIFIER = org.kl.KLSimpleDocument;
				PRODUCT_NAME = "$(TARGET_NAME)";
			};
			name = Debug;
		};
		6B53DD4E1C4CBD8400FF6EF7 /* Release */ = {
			isa = XCBuildConfiguration;
			buildSettings = {
				ASSETCATALOG_COMPILER_APPICON_NAME = AppIcon;
				COMBINE_HIDPI_IMAGES = YES;
				INFOPLIST_FILE = KLSimpleDocument/Info.plist;
				LD_RUNPATH_SEARCH_PATHS = "$(inherited) @executable_path/../Frameworks";
				PRODUCT_BUNDLE_IDENTIFIER = org.kl.KLSimpleDocument;
				PRODUCT_NAME = "$(TARGET_NAME)";
			};
			name = Release;
		};
/* End XCBuildConfiguration section */

/* Begin XCConfigurationList section */
		6B53DD351C4CBD8400FF6EF7 /* Build configuration list for PBXProject "KLSimpleDocument" */ = {
			isa = XCConfigurationList;
			buildConfigurations = (
				6B53DD4A1C4CBD8400FF6EF7 /* Debug */,
				6B53DD4B1C4CBD8400FF6EF7 /* Release */,
			);
			defaultConfigurationIsVisible = 0;
			defaultConfigurationName = Release;
		};
		6B53DD4C1C4CBD8400FF6EF7 /* Build configuration list for PBXNativeTarget "KLSimpleDocument" */ = {
			isa = XCConfigurationList;
			buildConfigurations = (
				6B53DD4D1C4CBD8400FF6EF7 /* Debug */,
				6B53DD4E1C4CBD8400FF6EF7 /* Release */,
			);
			defaultConfigurationIsVisible = 0;
		};
/* End XCConfigurationList section */
	};
	rootObject = 6B53DD321C4CBD8400FF6EF7 /* Project object */;
}
